// !$*UTF8*$!
{
	archiveVersion = 1;
	classes = {
	};
	objectVersion = 55;
	objects = {

/* Begin PBXBuildFile section */
		84E2DE1C29169F6500D06A34 /* AppDelegate.swift in Sources */ = {isa = PBXBuildFile; fileRef = 84E2DE1B29169F6500D06A34 /* AppDelegate.swift */; };
		84E2DE1E29169F6500D06A34 /* SceneDelegate.swift in Sources */ = {isa = PBXBuildFile; fileRef = 84E2DE1D29169F6500D06A34 /* SceneDelegate.swift */; };
		84E2DE2029169F6500D06A34 /* ViewController.swift in Sources */ = {isa = PBXBuildFile; fileRef = 84E2DE1F29169F6500D06A34 /* ViewController.swift */; };
		84E2DE2329169F6500D06A34 /* Main.storyboard in Resources */ = {isa = PBXBuildFile; fileRef = 84E2DE2129169F6500D06A34 /* Main.storyboard */; };
		84E2DE2629169F6500D06A34 /* NoteList.xcdatamodeld in Sources */ = {isa = PBXBuildFile; fileRef = 84E2DE2429169F6500D06A34 /* NoteList.xcdatamodeld */; };
		84E2DE2829169F6C00D06A34 /* Assets.xcassets in Resources */ = {isa = PBXBuildFile; fileRef = 84E2DE2729169F6C00D06A34 /* Assets.xcassets */; };
		84E2DE2B29169F6C00D06A34 /* LaunchScreen.storyboard in Resources */ = {isa = PBXBuildFile; fileRef = 84E2DE2929169F6C00D06A34 /* LaunchScreen.storyboard */; };
		84E2DE3629169F6D00D06A34 /* NoteListTests.swift in Sources */ = {isa = PBXBuildFile; fileRef = 84E2DE3529169F6D00D06A34 /* NoteListTests.swift */; };
		84E2DE4029169F6D00D06A34 /* NoteListUITests.swift in Sources */ = {isa = PBXBuildFile; fileRef = 84E2DE3F29169F6D00D06A34 /* NoteListUITests.swift */; };
		84E2DE4229169F6D00D06A34 /* NoteListUITestsLaunchTests.swift in Sources */ = {isa = PBXBuildFile; fileRef = 84E2DE4129169F6D00D06A34 /* NoteListUITestsLaunchTests.swift */; };
		84E2DE502916A25400D06A34 /* NoteModel.swift in Sources */ = {isa = PBXBuildFile; fileRef = 84E2DE4F2916A25400D06A34 /* NoteModel.swift */; };
		84E2DE55291743B300D06A34 /* NoteTVCell.swift in Sources */ = {isa = PBXBuildFile; fileRef = 84E2DE53291743B300D06A34 /* NoteTVCell.swift */; };
		84E2DE56291743B300D06A34 /* NoteTVCell.xib in Resources */ = {isa = PBXBuildFile; fileRef = 84E2DE54291743B300D06A34 /* NoteTVCell.xib */; };
		84E2DE59291749A800D06A34 /* NoteConstants.swift in Sources */ = {isa = PBXBuildFile; fileRef = 84E2DE58291749A800D06A34 /* NoteConstants.swift */; };
		84E2DE5B291770C100D06A34 /* LocationCv.swift in Sources */ = {isa = PBXBuildFile; fileRef = 84E2DE5A291770C100D06A34 /* LocationCv.swift */; };
		84E2DE5D29177DDC00D06A34 /* NoteListDetailsVC.swift in Sources */ = {isa = PBXBuildFile; fileRef = 84E2DE5C29177DDC00D06A34 /* NoteListDetailsVC.swift */; };
		84E2DE602917ABD700D06A34 /* tagCVCell.swift in Sources */ = {isa = PBXBuildFile; fileRef = 84E2DE5E2917ABD700D06A34 /* tagCVCell.swift */; };
		84E2DE612917ABD700D06A34 /* tagCVCell.xib in Resources */ = {isa = PBXBuildFile; fileRef = 84E2DE5F2917ABD700D06A34 /* tagCVCell.xib */; };
		84E2DE632917CCE400D06A34 /* ProfileViewController.swift in Sources */ = {isa = PBXBuildFile; fileRef = 84E2DE622917CCE400D06A34 /* ProfileViewController.swift */; };
/* End PBXBuildFile section */

/* Begin PBXContainerItemProxy section */
		84E2DE3229169F6D00D06A34 /* PBXContainerItemProxy */ = {
			isa = PBXContainerItemProxy;
			containerPortal = 84E2DE1029169F6500D06A34 /* Project object */;
			proxyType = 1;
			remoteGlobalIDString = 84E2DE1729169F6500D06A34;
			remoteInfo = NoteList;
		};
		84E2DE3C29169F6D00D06A34 /* PBXContainerItemProxy */ = {
			isa = PBXContainerItemProxy;
			containerPortal = 84E2DE1029169F6500D06A34 /* Project object */;
			proxyType = 1;
			remoteGlobalIDString = 84E2DE1729169F6500D06A34;
			remoteInfo = NoteList;
		};
/* End PBXContainerItemProxy section */

/* Begin PBXFileReference section */
		84E2DE1829169F6500D06A34 /* NoteList.app */ = {isa = PBXFileReference; explicitFileType = wrapper.application; includeInIndex = 0; path = NoteList.app; sourceTree = BUILT_PRODUCTS_DIR; };
		84E2DE1B29169F6500D06A34 /* AppDelegate.swift */ = {isa = PBXFileReference; lastKnownFileType = sourcecode.swift; path = AppDelegate.swift; sourceTree = "<group>"; };
		84E2DE1D29169F6500D06A34 /* SceneDelegate.swift */ = {isa = PBXFileReference; lastKnownFileType = sourcecode.swift; path = SceneDelegate.swift; sourceTree = "<group>"; };
		84E2DE1F29169F6500D06A34 /* ViewController.swift */ = {isa = PBXFileReference; lastKnownFileType = sourcecode.swift; path = ViewController.swift; sourceTree = "<group>"; };
		84E2DE2229169F6500D06A34 /* Base */ = {isa = PBXFileReference; lastKnownFileType = file.storyboard; name = Base; path = Base.lproj/Main.storyboard; sourceTree = "<group>"; };
		84E2DE2529169F6500D06A34 /* NoteList.xcdatamodel */ = {isa = PBXFileReference; lastKnownFileType = wrapper.xcdatamodel; path = NoteList.xcdatamodel; sourceTree = "<group>"; };
		84E2DE2729169F6C00D06A34 /* Assets.xcassets */ = {isa = PBXFileReference; lastKnownFileType = folder.assetcatalog; path = Assets.xcassets; sourceTree = "<group>"; };
		84E2DE2A29169F6C00D06A34 /* Base */ = {isa = PBXFileReference; lastKnownFileType = file.storyboard; name = Base; path = Base.lproj/LaunchScreen.storyboard; sourceTree = "<group>"; };
		84E2DE2C29169F6C00D06A34 /* Info.plist */ = {isa = PBXFileReference; lastKnownFileType = text.plist.xml; path = Info.plist; sourceTree = "<group>"; };
		84E2DE3129169F6D00D06A34 /* NoteListTests.xctest */ = {isa = PBXFileReference; explicitFileType = wrapper.cfbundle; includeInIndex = 0; path = NoteListTests.xctest; sourceTree = BUILT_PRODUCTS_DIR; };
		84E2DE3529169F6D00D06A34 /* NoteListTests.swift */ = {isa = PBXFileReference; lastKnownFileType = sourcecode.swift; path = NoteListTests.swift; sourceTree = "<group>"; };
		84E2DE3B29169F6D00D06A34 /* NoteListUITests.xctest */ = {isa = PBXFileReference; explicitFileType = wrapper.cfbundle; includeInIndex = 0; path = NoteListUITests.xctest; sourceTree = BUILT_PRODUCTS_DIR; };
		84E2DE3F29169F6D00D06A34 /* NoteListUITests.swift */ = {isa = PBXFileReference; lastKnownFileType = sourcecode.swift; path = NoteListUITests.swift; sourceTree = "<group>"; };
		84E2DE4129169F6D00D06A34 /* NoteListUITestsLaunchTests.swift */ = {isa = PBXFileReference; lastKnownFileType = sourcecode.swift; path = NoteListUITestsLaunchTests.swift; sourceTree = "<group>"; };
		84E2DE4F2916A25400D06A34 /* NoteModel.swift */ = {isa = PBXFileReference; lastKnownFileType = sourcecode.swift; path = NoteModel.swift; sourceTree = "<group>"; };
		84E2DE53291743B300D06A34 /* NoteTVCell.swift */ = {isa = PBXFileReference; lastKnownFileType = sourcecode.swift; path = NoteTVCell.swift; sourceTree = "<group>"; };
		84E2DE54291743B300D06A34 /* NoteTVCell.xib */ = {isa = PBXFileReference; lastKnownFileType = file.xib; path = NoteTVCell.xib; sourceTree = "<group>"; };
		84E2DE58291749A800D06A34 /* NoteConstants.swift */ = {isa = PBXFileReference; lastKnownFileType = sourcecode.swift; path = NoteConstants.swift; sourceTree = "<group>"; };
		84E2DE5A291770C100D06A34 /* LocationCv.swift */ = {isa = PBXFileReference; lastKnownFileType = sourcecode.swift; path = LocationCv.swift; sourceTree = "<group>"; };
		84E2DE5C29177DDC00D06A34 /* NoteListDetailsVC.swift */ = {isa = PBXFileReference; lastKnownFileType = sourcecode.swift; path = NoteListDetailsVC.swift; sourceTree = "<group>"; };
		84E2DE5E2917ABD700D06A34 /* tagCVCell.swift */ = {isa = PBXFileReference; lastKnownFileType = sourcecode.swift; path = tagCVCell.swift; sourceTree = "<group>"; };
		84E2DE5F2917ABD700D06A34 /* tagCVCell.xib */ = {isa = PBXFileReference; lastKnownFileType = file.xib; path = tagCVCell.xib; sourceTree = "<group>"; };
		84E2DE622917CCE400D06A34 /* ProfileViewController.swift */ = {isa = PBXFileReference; lastKnownFileType = sourcecode.swift; path = ProfileViewController.swift; sourceTree = "<group>"; };
/* End PBXFileReference section */

/* Begin PBXFrameworksBuildPhase section */
		84E2DE1529169F6500D06A34 /* Frameworks */ = {
			isa = PBXFrameworksBuildPhase;
			buildActionMask = 2147483647;
			files = (
			);
			runOnlyForDeploymentPostprocessing = 0;
		};
		84E2DE2E29169F6D00D06A34 /* Frameworks */ = {
			isa = PBXFrameworksBuildPhase;
			buildActionMask = 2147483647;
			files = (
			);
			runOnlyForDeploymentPostprocessing = 0;
		};
		84E2DE3829169F6D00D06A34 /* Frameworks */ = {
			isa = PBXFrameworksBuildPhase;
			buildActionMask = 2147483647;
			files = (
			);
			runOnlyForDeploymentPostprocessing = 0;
		};
/* End PBXFrameworksBuildPhase section */

/* Begin PBXGroup section */
		84E2DE0F29169F6500D06A34 = {
			isa = PBXGroup;
			children = (
				84E2DE1A29169F6500D06A34 /* NoteList */,
				84E2DE3429169F6D00D06A34 /* NoteListTests */,
				84E2DE3E29169F6D00D06A34 /* NoteListUITests */,
				84E2DE1929169F6500D06A34 /* Products */,
			);
			sourceTree = "<group>";
		};
		84E2DE1929169F6500D06A34 /* Products */ = {
			isa = PBXGroup;
			children = (
				84E2DE1829169F6500D06A34 /* NoteList.app */,
				84E2DE3129169F6D00D06A34 /* NoteListTests.xctest */,
				84E2DE3B29169F6D00D06A34 /* NoteListUITests.xctest */,
			);
			name = Products;
			sourceTree = "<group>";
		};
		84E2DE1A29169F6500D06A34 /* NoteList */ = {
			isa = PBXGroup;
			children = (
				84E2DE572917497900D06A34 /* Common Data */,
				84E2DE522917425200D06A34 /* Cell */,
				84E2DE1B29169F6500D06A34 /* AppDelegate.swift */,
				84E2DE1D29169F6500D06A34 /* SceneDelegate.swift */,
				84E2DE1F29169F6500D06A34 /* ViewController.swift */,
				84E2DE5A291770C100D06A34 /* LocationCv.swift */,
				84E2DE5C29177DDC00D06A34 /* NoteListDetailsVC.swift */,
				84E2DE622917CCE400D06A34 /* ProfileViewController.swift */,
				84E2DE4E2916A23800D06A34 /* Model */,
				84E2DE2129169F6500D06A34 /* Main.storyboard */,
				84E2DE2729169F6C00D06A34 /* Assets.xcassets */,
				84E2DE2929169F6C00D06A34 /* LaunchScreen.storyboard */,
				84E2DE2C29169F6C00D06A34 /* Info.plist */,
				84E2DE2429169F6500D06A34 /* NoteList.xcdatamodeld */,
			);
			path = NoteList;
			sourceTree = "<group>";
		};
		84E2DE3429169F6D00D06A34 /* NoteListTests */ = {
			isa = PBXGroup;
			children = (
				84E2DE3529169F6D00D06A34 /* NoteListTests.swift */,
			);
			path = NoteListTests;
			sourceTree = "<group>";
		};
		84E2DE3E29169F6D00D06A34 /* NoteListUITests */ = {
			isa = PBXGroup;
			children = (
				84E2DE3F29169F6D00D06A34 /* NoteListUITests.swift */,
				84E2DE4129169F6D00D06A34 /* NoteListUITestsLaunchTests.swift */,
			);
			path = NoteListUITests;
			sourceTree = "<group>";
		};
		84E2DE4E2916A23800D06A34 /* Model */ = {
			isa = PBXGroup;
			children = (
				84E2DE4F2916A25400D06A34 /* NoteModel.swift */,
			);
			path = Model;
			sourceTree = "<group>";
		};
		84E2DE522917425200D06A34 /* Cell */ = {
			isa = PBXGroup;
			children = (
				84E2DE53291743B300D06A34 /* NoteTVCell.swift */,
				84E2DE54291743B300D06A34 /* NoteTVCell.xib */,
				84E2DE5E2917ABD700D06A34 /* tagCVCell.swift */,
				84E2DE5F2917ABD700D06A34 /* tagCVCell.xib */,
			);
			path = Cell;
			sourceTree = "<group>";
		};
		84E2DE572917497900D06A34 /* Common Data */ = {
			isa = PBXGroup;
			children = (
				84E2DE58291749A800D06A34 /* NoteConstants.swift */,
			);
			path = "Common Data";
			sourceTree = "<group>";
		};
/* End PBXGroup section */

/* Begin PBXNativeTarget section */
		84E2DE1729169F6500D06A34 /* NoteList */ = {
			isa = PBXNativeTarget;
			buildConfigurationList = 84E2DE4529169F6D00D06A34 /* Build configuration list for PBXNativeTarget "NoteList" */;
			buildPhases = (
				84E2DE1429169F6500D06A34 /* Sources */,
				84E2DE1529169F6500D06A34 /* Frameworks */,
				84E2DE1629169F6500D06A34 /* Resources */,
			);
			buildRules = (
			);
			dependencies = (
			);
			name = NoteList;
			productName = NoteList;
			productReference = 84E2DE1829169F6500D06A34 /* NoteList.app */;
			productType = "com.apple.product-type.application";
		};
		84E2DE3029169F6D00D06A34 /* NoteListTests */ = {
			isa = PBXNativeTarget;
			buildConfigurationList = 84E2DE4829169F6D00D06A34 /* Build configuration list for PBXNativeTarget "NoteListTests" */;
			buildPhases = (
				84E2DE2D29169F6D00D06A34 /* Sources */,
				84E2DE2E29169F6D00D06A34 /* Frameworks */,
				84E2DE2F29169F6D00D06A34 /* Resources */,
			);
			buildRules = (
			);
			dependencies = (
				84E2DE3329169F6D00D06A34 /* PBXTargetDependency */,
			);
			name = NoteListTests;
			productName = NoteListTests;
			productReference = 84E2DE3129169F6D00D06A34 /* NoteListTests.xctest */;
			productType = "com.apple.product-type.bundle.unit-test";
		};
		84E2DE3A29169F6D00D06A34 /* NoteListUITests */ = {
			isa = PBXNativeTarget;
			buildConfigurationList = 84E2DE4B29169F6D00D06A34 /* Build configuration list for PBXNativeTarget "NoteListUITests" */;
			buildPhases = (
				84E2DE3729169F6D00D06A34 /* Sources */,
				84E2DE3829169F6D00D06A34 /* Frameworks */,
				84E2DE3929169F6D00D06A34 /* Resources */,
			);
			buildRules = (
			);
			dependencies = (
				84E2DE3D29169F6D00D06A34 /* PBXTargetDependency */,
			);
			name = NoteListUITests;
			productName = NoteListUITests;
			productReference = 84E2DE3B29169F6D00D06A34 /* NoteListUITests.xctest */;
			productType = "com.apple.product-type.bundle.ui-testing";
		};
/* End PBXNativeTarget section */

/* Begin PBXProject section */
		84E2DE1029169F6500D06A34 /* Project object */ = {
			isa = PBXProject;
			attributes = {
				BuildIndependentTargetsInParallel = 1;
				LastSwiftUpdateCheck = 1340;
				LastUpgradeCheck = 1340;
				TargetAttributes = {
					84E2DE1729169F6500D06A34 = {
						CreatedOnToolsVersion = 13.4.1;
					};
					84E2DE3029169F6D00D06A34 = {
						CreatedOnToolsVersion = 13.4.1;
						TestTargetID = 84E2DE1729169F6500D06A34;
					};
					84E2DE3A29169F6D00D06A34 = {
						CreatedOnToolsVersion = 13.4.1;
						TestTargetID = 84E2DE1729169F6500D06A34;
					};
				};
			};
			buildConfigurationList = 84E2DE1329169F6500D06A34 /* Build configuration list for PBXProject "NoteList" */;
			compatibilityVersion = "Xcode 13.0";
			developmentRegion = en;
			hasScannedForEncodings = 0;
			knownRegions = (
				en,
				Base,
			);
			mainGroup = 84E2DE0F29169F6500D06A34;
			productRefGroup = 84E2DE1929169F6500D06A34 /* Products */;
			projectDirPath = "";
			projectRoot = "";
			targets = (
				84E2DE1729169F6500D06A34 /* NoteList */,
				84E2DE3029169F6D00D06A34 /* NoteListTests */,
				84E2DE3A29169F6D00D06A34 /* NoteListUITests */,
			);
		};
/* End PBXProject section */

/* Begin PBXResourcesBuildPhase section */
		84E2DE1629169F6500D06A34 /* Resources */ = {
			isa = PBXResourcesBuildPhase;
			buildActionMask = 2147483647;
			files = (
				84E2DE2B29169F6C00D06A34 /* LaunchScreen.storyboard in Resources */,
				84E2DE2829169F6C00D06A34 /* Assets.xcassets in Resources */,
				84E2DE2329169F6500D06A34 /* Main.storyboard in Resources */,
				84E2DE612917ABD700D06A34 /* tagCVCell.xib in Resources */,
				84E2DE56291743B300D06A34 /* NoteTVCell.xib in Resources */,
			);
			runOnlyForDeploymentPostprocessing = 0;
		};
		84E2DE2F29169F6D00D06A34 /* Resources */ = {
			isa = PBXResourcesBuildPhase;
			buildActionMask = 2147483647;
			files = (
			);
			runOnlyForDeploymentPostprocessing = 0;
		};
		84E2DE3929169F6D00D06A34 /* Resources */ = {
			isa = PBXResourcesBuildPhase;
			buildActionMask = 2147483647;
			files = (
			);
			runOnlyForDeploymentPostprocessing = 0;
		};
/* End PBXResourcesBuildPhase section */

/* Begin PBXSourcesBuildPhase section */
		84E2DE1429169F6500D06A34 /* Sources */ = {
			isa = PBXSourcesBuildPhase;
			buildActionMask = 2147483647;
			files = (
				84E2DE502916A25400D06A34 /* NoteModel.swift in Sources */,
				84E2DE2029169F6500D06A34 /* ViewController.swift in Sources */,
				84E2DE1C29169F6500D06A34 /* AppDelegate.swift in Sources */,
				84E2DE55291743B300D06A34 /* NoteTVCell.swift in Sources */,
				84E2DE5D29177DDC00D06A34 /* NoteListDetailsVC.swift in Sources */,
				84E2DE1E29169F6500D06A34 /* SceneDelegate.swift in Sources */,
				84E2DE632917CCE400D06A34 /* ProfileViewController.swift in Sources */,
				84E2DE5B291770C100D06A34 /* LocationCv.swift in Sources */,
				84E2DE59291749A800D06A34 /* NoteConstants.swift in Sources */,
				84E2DE2629169F6500D06A34 /* NoteList.xcdatamodeld in Sources */,
				84E2DE602917ABD700D06A34 /* tagCVCell.swift in Sources */,
			);
			runOnlyForDeploymentPostprocessing = 0;
		};
		84E2DE2D29169F6D00D06A34 /* Sources */ = {
			isa = PBXSourcesBuildPhase;
			buildActionMask = 2147483647;
			files = (
				84E2DE3629169F6D00D06A34 /* NoteListTests.swift in Sources */,
			);
			runOnlyForDeploymentPostprocessing = 0;
		};
		84E2DE3729169F6D00D06A34 /* Sources */ = {
			isa = PBXSourcesBuildPhase;
			buildActionMask = 2147483647;
			files = (
				84E2DE4229169F6D00D06A34 /* NoteListUITestsLaunchTests.swift in Sources */,
				84E2DE4029169F6D00D06A34 /* NoteListUITests.swift in Sources */,
			);
			runOnlyForDeploymentPostprocessing = 0;
		};
/* End PBXSourcesBuildPhase section */

/* Begin PBXTargetDependency section */
		84E2DE3329169F6D00D06A34 /* PBXTargetDependency */ = {
			isa = PBXTargetDependency;
			target = 84E2DE1729169F6500D06A34 /* NoteList */;
			targetProxy = 84E2DE3229169F6D00D06A34 /* PBXContainerItemProxy */;
		};
		84E2DE3D29169F6D00D06A34 /* PBXTargetDependency */ = {
			isa = PBXTargetDependency;
			target = 84E2DE1729169F6500D06A34 /* NoteList */;
			targetProxy = 84E2DE3C29169F6D00D06A34 /* PBXContainerItemProxy */;
		};
/* End PBXTargetDependency section */

/* Begin PBXVariantGroup section */
		84E2DE2129169F6500D06A34 /* Main.storyboard */ = {
			isa = PBXVariantGroup;
			children = (
				84E2DE2229169F6500D06A34 /* Base */,
			);
			name = Main.storyboard;
			sourceTree = "<group>";
		};
		84E2DE2929169F6C00D06A34 /* LaunchScreen.storyboard */ = {
			isa = PBXVariantGroup;
			children = (
				84E2DE2A29169F6C00D06A34 /* Base */,
			);
			name = LaunchScreen.storyboard;
			sourceTree = "<group>";
		};
/* End PBXVariantGroup section */

/* Begin XCBuildConfiguration section */
		84E2DE4329169F6D00D06A34 /* Debug */ = {
			isa = XCBuildConfiguration;
			buildSettings = {
				ALWAYS_SEARCH_USER_PATHS = NO;
				CLANG_ANALYZER_NONNULL = YES;
				CLANG_ANALYZER_NUMBER_OBJECT_CONVERSION = YES_AGGRESSIVE;
				CLANG_CXX_LANGUAGE_STANDARD = "gnu++17";
				CLANG_ENABLE_MODULES = YES;
				CLANG_ENABLE_OBJC_ARC = YES;
				CLANG_ENABLE_OBJC_WEAK = YES;
				CLANG_WARN_BLOCK_CAPTURE_AUTORELEASING = YES;
				CLANG_WARN_BOOL_CONVERSION = YES;
				CLANG_WARN_COMMA = YES;
				CLANG_WARN_CONSTANT_CONVERSION = YES;
				CLANG_WARN_DEPRECATED_OBJC_IMPLEMENTATIONS = YES;
				CLANG_WARN_DIRECT_OBJC_ISA_USAGE = YES_ERROR;
				CLANG_WARN_DOCUMENTATION_COMMENTS = YES;
				CLANG_WARN_EMPTY_BODY = YES;
				CLANG_WARN_ENUM_CONVERSION = YES;
				CLANG_WARN_INFINITE_RECURSION = YES;
				CLANG_WARN_INT_CONVERSION = YES;
				CLANG_WARN_NON_LITERAL_NULL_CONVERSION = YES;
				CLANG_WARN_OBJC_IMPLICIT_RETAIN_SELF = YES;
				CLANG_WARN_OBJC_LITERAL_CONVERSION = YES;
				CLANG_WARN_OBJC_ROOT_CLASS = YES_ERROR;
				CLANG_WARN_QUOTED_INCLUDE_IN_FRAMEWORK_HEADER = YES;
				CLANG_WARN_RANGE_LOOP_ANALYSIS = YES;
				CLANG_WARN_STRICT_PROTOTYPES = YES;
				CLANG_WARN_SUSPICIOUS_MOVE = YES;
				CLANG_WARN_UNGUARDED_AVAILABILITY = YES_AGGRESSIVE;
				CLANG_WARN_UNREACHABLE_CODE = YES;
				CLANG_WARN__DUPLICATE_METHOD_MATCH = YES;
				COPY_PHASE_STRIP = NO;
				DEBUG_INFORMATION_FORMAT = dwarf;
				ENABLE_STRICT_OBJC_MSGSEND = YES;
				ENABLE_TESTABILITY = YES;
				GCC_C_LANGUAGE_STANDARD = gnu11;
				GCC_DYNAMIC_NO_PIC = NO;
				GCC_NO_COMMON_BLOCKS = YES;
				GCC_OPTIMIZATION_LEVEL = 0;
				GCC_PREPROCESSOR_DEFINITIONS = (
					"DEBUG=1",
					"$(inherited)",
				);
				GCC_WARN_64_TO_32_BIT_CONVERSION = YES;
				GCC_WARN_ABOUT_RETURN_TYPE = YES_ERROR;
				GCC_WARN_UNDECLARED_SELECTOR = YES;
				GCC_WARN_UNINITIALIZED_AUTOS = YES_AGGRESSIVE;
				GCC_WARN_UNUSED_FUNCTION = YES;
				GCC_WARN_UNUSED_VARIABLE = YES;
				IPHONEOS_DEPLOYMENT_TARGET = 15.5;
				MTL_ENABLE_DEBUG_INFO = INCLUDE_SOURCE;
				MTL_FAST_MATH = YES;
				ONLY_ACTIVE_ARCH = YES;
				SDKROOT = iphoneos;
				SWIFT_ACTIVE_COMPILATION_CONDITIONS = DEBUG;
				SWIFT_OPTIMIZATION_LEVEL = "-Onone";
			};
			name = Debug;
		};
		84E2DE4429169F6D00D06A34 /* Release */ = {
			isa = XCBuildConfiguration;
			buildSettings = {
				ALWAYS_SEARCH_USER_PATHS = NO;
				CLANG_ANALYZER_NONNULL = YES;
				CLANG_ANALYZER_NUMBER_OBJECT_CONVERSION = YES_AGGRESSIVE;
				CLANG_CXX_LANGUAGE_STANDARD = "gnu++17";
				CLANG_ENABLE_MODULES = YES;
				CLANG_ENABLE_OBJC_ARC = YES;
				CLANG_ENABLE_OBJC_WEAK = YES;
				CLANG_WARN_BLOCK_CAPTURE_AUTORELEASING = YES;
				CLANG_WARN_BOOL_CONVERSION = YES;
				CLANG_WARN_COMMA = YES;
				CLANG_WARN_CONSTANT_CONVERSION = YES;
				CLANG_WARN_DEPRECATED_OBJC_IMPLEMENTATIONS = YES;
				CLANG_WARN_DIRECT_OBJC_ISA_USAGE = YES_ERROR;
				CLANG_WARN_DOCUMENTATION_COMMENTS = YES;
				CLANG_WARN_EMPTY_BODY = YES;
				CLANG_WARN_ENUM_CONVERSION = YES;
				CLANG_WARN_INFINITE_RECURSION = YES;
				CLANG_WARN_INT_CONVERSION = YES;
				CLANG_WARN_NON_LITERAL_NULL_CONVERSION = YES;
				CLANG_WARN_OBJC_IMPLICIT_RETAIN_SELF = YES;
				CLANG_WARN_OBJC_LITERAL_CONVERSION = YES;
				CLANG_WARN_OBJC_ROOT_CLASS = YES_ERROR;
				CLANG_WARN_QUOTED_INCLUDE_IN_FRAMEWORK_HEADER = YES;
				CLANG_WARN_RANGE_LOOP_ANALYSIS = YES;
				CLANG_WARN_STRICT_PROTOTYPES = YES;
				CLANG_WARN_SUSPICIOUS_MOVE = YES;
				CLANG_WARN_UNGUARDED_AVAILABILITY = YES_AGGRESSIVE;
				CLANG_WARN_UNREACHABLE_CODE = YES;
				CLANG_WARN__DUPLICATE_METHOD_MATCH = YES;
				COPY_PHASE_STRIP = NO;
				DEBUG_INFORMATION_FORMAT = "dwarf-with-dsym";
				ENABLE_NS_ASSERTIONS = NO;
				ENABLE_STRICT_OBJC_MSGSEND = YES;
				GCC_C_LANGUAGE_STANDARD = gnu11;
				GCC_NO_COMMON_BLOCKS = YES;
				GCC_WARN_64_TO_32_BIT_CONVERSION = YES;
				GCC_WARN_ABOUT_RETURN_TYPE = YES_ERROR;
				GCC_WARN_UNDECLARED_SELECTOR = YES;
				GCC_WARN_UNINITIALIZED_AUTOS = YES_AGGRESSIVE;
				GCC_WARN_UNUSED_FUNCTION = YES;
				GCC_WARN_UNUSED_VARIABLE = YES;
				IPHONEOS_DEPLOYMENT_TARGET = 15.5;
				MTL_ENABLE_DEBUG_INFO = NO;
				MTL_FAST_MATH = YES;
				SDKROOT = iphoneos;
				SWIFT_COMPILATION_MODE = wholemodule;
				SWIFT_OPTIMIZATION_LEVEL = "-O";
				VALIDATE_PRODUCT = YES;
			};
			name = Release;
		};
		84E2DE4629169F6D00D06A34 /* Debug */ = {
			isa = XCBuildConfiguration;
			buildSettings = {
				ASSETCATALOG_COMPILER_APPICON_NAME = AppIcon;
				ASSETCATALOG_COMPILER_GLOBAL_ACCENT_COLOR_NAME = AccentColor;
				CODE_SIGN_STYLE = Automatic;
				CURRENT_PROJECT_VERSION = 1;
				DEVELOPMENT_TEAM = JUZS8539WD;
				GENERATE_INFOPLIST_FILE = YES;
				INFOPLIST_FILE = NoteList/Info.plist;
				INFOPLIST_KEY_UIApplicationSupportsIndirectInputEvents = YES;
				INFOPLIST_KEY_UILaunchStoryboardName = LaunchScreen;
				INFOPLIST_KEY_UIMainStoryboardFile = Main;
				INFOPLIST_KEY_UISupportedInterfaceOrientations_iPad = "UIInterfaceOrientationPortrait UIInterfaceOrientationPortraitUpsideDown UIInterfaceOrientationLandscapeLeft UIInterfaceOrientationLandscapeRight";
				INFOPLIST_KEY_UISupportedInterfaceOrientations_iPhone = "UIInterfaceOrientationPortrait UIInterfaceOrientationLandscapeLeft UIInterfaceOrientationLandscapeRight";
				LD_RUNPATH_SEARCH_PATHS = (
					"$(inherited)",
					"@executable_path/Frameworks",
				);
				MARKETING_VERSION = 1.0;
				PRODUCT_BUNDLE_IDENTIFIER = EaseMytrip.NoteList;
				PRODUCT_NAME = "$(TARGET_NAME)";
				SWIFT_EMIT_LOC_STRINGS = YES;
				SWIFT_VERSION = 5.0;
				TARGETED_DEVICE_FAMILY = "1,2";
			};
			name = Debug;
		};
		84E2DE4729169F6D00D06A34 /* Release */ = {
			isa = XCBuildConfiguration;
			buildSettings = {
				ASSETCATALOG_COMPILER_APPICON_NAME = AppIcon;
				ASSETCATALOG_COMPILER_GLOBAL_ACCENT_COLOR_NAME = AccentColor;
				CODE_SIGN_STYLE = Automatic;
				CURRENT_PROJECT_VERSION = 1;
				DEVELOPMENT_TEAM = JUZS8539WD;
				GENERATE_INFOPLIST_FILE = YES;
				INFOPLIST_FILE = NoteList/Info.plist;
				INFOPLIST_KEY_UIApplicationSupportsIndirectInputEvents = YES;
				INFOPLIST_KEY_UILaunchStoryboardName = LaunchScreen;
				INFOPLIST_KEY_UIMainStoryboardFile = Main;
				INFOPLIST_KEY_UISupportedInterfaceOrientations_iPad = "UIInterfaceOrientationPortrait UIInterfaceOrientationPortraitUpsideDown UIInterfaceOrientationLandscapeLeft UIInterfaceOrientationLandscapeRight";
				INFOPLIST_KEY_UISupportedInterfaceOrientations_iPhone = "UIInterfaceOrientationPortrait UIInterfaceOrientationLandscapeLeft UIInterfaceOrientationLandscapeRight";
				LD_RUNPATH_SEARCH_PATHS = (
					"$(inherited)",
					"@executable_path/Frameworks",
				);
				MARKETING_VERSION = 1.0;
				PRODUCT_BUNDLE_IDENTIFIER = EaseMytrip.NoteList;
				PRODUCT_NAME = "$(TARGET_NAME)";
				SWIFT_EMIT_LOC_STRINGS = YES;
				SWIFT_VERSION = 5.0;
				TARGETED_DEVICE_FAMILY = "1,2";
			};
			name = Release;
		};
		84E2DE4929169F6D00D06A34 /* Debug */ = {
			isa = XCBuildConfiguration;
			buildSettings = {
				ALWAYS_EMBED_SWIFT_STANDARD_LIBRARIES = YES;
				BUNDLE_LOADER = "$(TEST_HOST)";
				CODE_SIGN_STYLE = Automatic;
				CURRENT_PROJECT_VERSION = 1;
				DEVELOPMENT_TEAM = JUZS8539WD;
				GENERATE_INFOPLIST_FILE = YES;
				IPHONEOS_DEPLOYMENT_TARGET = 15.5;
				MARKETING_VERSION = 1.0;
				PRODUCT_BUNDLE_IDENTIFIER = EaseMytrip.NoteListTests;
				PRODUCT_NAME = "$(TARGET_NAME)";
				SWIFT_EMIT_LOC_STRINGS = NO;
				SWIFT_VERSION = 5.0;
				TARGETED_DEVICE_FAMILY = "1,2";
				TEST_HOST = "$(BUILT_PRODUCTS_DIR)/NoteList.app/NoteList";
			};
			name = Debug;
		};
		84E2DE4A29169F6D00D06A34 /* Release */ = {
			isa = XCBuildConfiguration;
			buildSettings = {
				ALWAYS_EMBED_SWIFT_STANDARD_LIBRARIES = YES;
				BUNDLE_LOADER = "$(TEST_HOST)";
				CODE_SIGN_STYLE = Automatic;
				CURRENT_PROJECT_VERSION = 1;
				DEVELOPMENT_TEAM = JUZS8539WD;
				GENERATE_INFOPLIST_FILE = YES;
				IPHONEOS_DEPLOYMENT_TARGET = 15.5;
				MARKETING_VERSION = 1.0;
				PRODUCT_BUNDLE_IDENTIFIER = EaseMytrip.NoteListTests;
				PRODUCT_NAME = "$(TARGET_NAME)";
				SWIFT_EMIT_LOC_STRINGS = NO;
				SWIFT_VERSION = 5.0;
				TARGETED_DEVICE_FAMILY = "1,2";
				TEST_HOST = "$(BUILT_PRODUCTS_DIR)/NoteList.app/NoteList";
			};
			name = Release;
		};
		84E2DE4C29169F6D00D06A34 /* Debug */ = {
			isa = XCBuildConfiguration;
			buildSettings = {
				ALWAYS_EMBED_SWIFT_STANDARD_LIBRARIES = YES;
				CODE_SIGN_STYLE = Automatic;
				CURRENT_PROJECT_VERSION = 1;
				DEVELOPMENT_TEAM = JUZS8539WD;
				GENERATE_INFOPLIST_FILE = YES;
				MARKETING_VERSION = 1.0;
				PRODUCT_BUNDLE_IDENTIFIER = EaseMytrip.NoteListUITests;
				PRODUCT_NAME = "$(TARGET_NAME)";
				SWIFT_EMIT_LOC_STRINGS = NO;
				SWIFT_VERSION = 5.0;
				TARGETED_DEVICE_FAMILY = "1,2";
				TEST_TARGET_NAME = NoteList;
			};
			name = Debug;
		};
		84E2DE4D29169F6D00D06A34 /* Release */ = {
			isa = XCBuildConfiguration;
			buildSettings = {
				ALWAYS_EMBED_SWIFT_STANDARD_LIBRARIES = YES;
				CODE_SIGN_STYLE = Automatic;
				CURRENT_PROJECT_VERSION = 1;
				DEVELOPMENT_TEAM = JUZS8539WD;
				GENERATE_INFOPLIST_FILE = YES;
				MARKETING_VERSION = 1.0;
				PRODUCT_BUNDLE_IDENTIFIER = EaseMytrip.NoteListUITests;
				PRODUCT_NAME = "$(TARGET_NAME)";
				SWIFT_EMIT_LOC_STRINGS = NO;
				SWIFT_VERSION = 5.0;
				TARGETED_DEVICE_FAMILY = "1,2";
				TEST_TARGET_NAME = NoteList;
			};
			name = Release;
		};
/* End XCBuildConfiguration section */

/* Begin XCConfigurationList section */
		84E2DE1329169F6500D06A34 /* Build configuration list for PBXProject "NoteList" */ = {
			isa = XCConfigurationList;
			buildConfigurations = (
				84E2DE4329169F6D00D06A34 /* Debug */,
				84E2DE4429169F6D00D06A34 /* Release */,
			);
			defaultConfigurationIsVisible = 0;
			defaultConfigurationName = Release;
		};
		84E2DE4529169F6D00D06A34 /* Build configuration list for PBXNativeTarget "NoteList" */ = {
			isa = XCConfigurationList;
			buildConfigurations = (
				84E2DE4629169F6D00D06A34 /* Debug */,
				84E2DE4729169F6D00D06A34 /* Release */,
			);
			defaultConfigurationIsVisible = 0;
			defaultConfigurationName = Release;
		};
		84E2DE4829169F6D00D06A34 /* Build configuration list for PBXNativeTarget "NoteListTests" */ = {
			isa = XCConfigurationList;
			buildConfigurations = (
				84E2DE4929169F6D00D06A34 /* Debug */,
				84E2DE4A29169F6D00D06A34 /* Release */,
			);
			defaultConfigurationIsVisible = 0;
			defaultConfigurationName = Release;
		};
		84E2DE4B29169F6D00D06A34 /* Build configuration list for PBXNativeTarget "NoteListUITests" */ = {
			isa = XCConfigurationList;
			buildConfigurations = (
				84E2DE4C29169F6D00D06A34 /* Debug */,
				84E2DE4D29169F6D00D06A34 /* Release */,
			);
			defaultConfigurationIsVisible = 0;
			defaultConfigurationName = Release;
		};
/* End XCConfigurationList section */

/* Begin XCVersionGroup section */
		84E2DE2429169F6500D06A34 /* NoteList.xcdatamodeld */ = {
			isa = XCVersionGroup;
			children = (
				84E2DE2529169F6500D06A34 /* NoteList.xcdatamodel */,
			);
			currentVersion = 84E2DE2529169F6500D06A34 /* NoteList.xcdatamodel */;
			path = NoteList.xcdatamodeld;
			sourceTree = "<group>";
			versionGroupType = wrapper.xcdatamodel;
		};
/* End XCVersionGroup section */
	};
	rootObject = 84E2DE1029169F6500D06A34 /* Project object */;
}
